
Microsoft Visual Studio Solution File, Format Version 12.00
# Visual Studio Version 16
VisualStudioVersion = 16.0.29728.190
MinimumVisualStudioVersion = 10.0.40219.1
Project("{FAE04EC0-301F-11D3-BF4B-00C04F79EFBC}") = "App2.UWP", "App2\App2.UWP\App2.UWP.csproj", "{9C17F72F-C550-49C9-AA10-DA7045CBC9B3}"
EndProject
Project("{FAE04EC0-301F-11D3-BF4B-00C04F79EFBC}") = "App2.Android", "App2\App2.Android\App2.Android.csproj", "{D98AB2F7-B917-4DC9-B357-A4384E2DF040}"
EndProject
Project("{FAE04EC0-301F-11D3-BF4B-00C04F79EFBC}") = "App2.iOS", "App2\App2.iOS\App2.iOS.csproj", "{048A5499-457D-4384-A8EC-D43F82740C0A}"
EndProject
Project("{FAE04EC0-301F-11D3-BF4B-00C04F79EFBC}") = "App2", "App2\App2\App2.csproj", "{2FE54DF6-8FD8-4BA4-91E5-5DDFFCCB56E7}"
EndProject
Global
	GlobalSection(SolutionConfigurationPlatforms) = preSolution
		Debug|Any CPU = Debug|Any CPU
		Debug|ARM = Debug|ARM
		Debug|iPhone = Debug|iPhone
		Debug|iPhoneSimulator = Debug|iPhoneSimulator
		Debug|x64 = Debug|x64
		Debug|x86 = Debug|x86
		Release|Any CPU = Release|Any CPU
		Release|ARM = Release|ARM
		Release|iPhone = Release|iPhone
		Release|iPhoneSimulator = Release|iPhoneSimulator
		Release|x64 = Release|x64
		Release|x86 = Release|x86
	EndGlobalSection
	GlobalSection(ProjectConfigurationPlatforms) = postSolution
		{9C17F72F-C550-49C9-AA10-DA7045CBC9B3}.Debug|Any CPU.ActiveCfg = Debug|x86
		{9C17F72F-C550-49C9-AA10-DA7045CBC9B3}.Debug|Any CPU.Build.0 = Debug|x86
		{9C17F72F-C550-49C9-AA10-DA7045CBC9B3}.Debug|Any CPU.Deploy.0 = Debug|x86
		{9C17F72F-C550-49C9-AA10-DA7045CBC9B3}.Debug|ARM.ActiveCfg = Debug|ARM
		{9C17F72F-C550-49C9-AA10-DA7045CBC9B3}.Debug|ARM.Build.0 = Debug|ARM
		{9C17F72F-C550-49C9-AA10-DA7045CBC9B3}.Debug|ARM.Deploy.0 = Debug|ARM
		{9C17F72F-C550-49C9-AA10-DA7045CBC9B3}.Debug|iPhone.ActiveCfg = Debug|x86
		{9C17F72F-C550-49C9-AA10-DA7045CBC9B3}.Debug|iPhone.Build.0 = Debug|x86
		{9C17F72F-C550-49C9-AA10-DA7045CBC9B3}.Debug|iPhone.Deploy.0 = Debug|x86
		{9C17F72F-C550-49C9-AA10-DA7045CBC9B3}.Debug|iPhoneSimulator.ActiveCfg = Debug|x86
		{9C17F72F-C550-49C9-AA10-DA7045CBC9B3}.Debug|iPhoneSimulator.Build.0 = Debug|x86
		{9C17F72F-C550-49C9-AA10-DA7045CBC9B3}.Debug|iPhoneSimulator.Deploy.0 = Debug|x86
		{9C17F72F-C550-49C9-AA10-DA7045CBC9B3}.Debug|x64.ActiveCfg = Debug|x64
		{9C17F72F-C550-49C9-AA10-DA7045CBC9B3}.Debug|x64.Build.0 = Debug|x64
		{9C17F72F-C550-49C9-AA10-DA7045CBC9B3}.Debug|x64.Deploy.0 = Debug|x64
		{9C17F72F-C550-49C9-AA10-DA7045CBC9B3}.Debug|x86.ActiveCfg = Debug|x86
		{9C17F72F-C550-49C9-AA10-DA7045CBC9B3}.Debug|x86.Build.0 = Debug|x86
		{9C17F72F-C550-49C9-AA10-DA7045CBC9B3}.Debug|x86.Deploy.0 = Debug|x86
		{9C17F72F-C550-49C9-AA10-DA7045CBC9B3}.Release|Any CPU.ActiveCfg = Release|x86
		{9C17F72F-C550-49C9-AA10-DA7045CBC9B3}.Release|Any CPU.Build.0 = Release|x86
		{9C17F72F-C550-49C9-AA10-DA7045CBC9B3}.Release|Any CPU.Deploy.0 = Release|x86
		{9C17F72F-C550-49C9-AA10-DA7045CBC9B3}.Release|ARM.ActiveCfg = Release|ARM
		{9C17F72F-C550-49C9-AA10-DA7045CBC9B3}.Release|ARM.Build.0 = Release|ARM
		{9C17F72F-C550-49C9-AA10-DA7045CBC9B3}.Release|ARM.Deploy.0 = Release|ARM
		{9C17F72F-C550-49C9-AA10-DA7045CBC9B3}.Release|iPhone.ActiveCfg = Release|x86
		{9C17F72F-C550-49C9-AA10-DA7045CBC9B3}.Release|iPhone.Build.0 = Release|x86
		{9C17F72F-C550-49C9-AA10-DA7045CBC9B3}.Release|iPhone.Deploy.0 = Release|x86
		{9C17F72F-C550-49C9-AA10-DA7045CBC9B3}.Release|iPhoneSimulator.ActiveCfg = Release|x86
		{9C17F72F-C550-49C9-AA10-DA7045CBC9B3}.Release|iPhoneSimulator.Build.0 = Release|x86
		{9C17F72F-C550-49C9-AA10-DA7045CBC9B3}.Release|iPhoneSimulator.Deploy.0 = Release|x86
		{9C17F72F-C550-49C9-AA10-DA7045CBC9B3}.Release|x64.ActiveCfg = Release|x64
		{9C17F72F-C550-49C9-AA10-DA7045CBC9B3}.Release|x64.Build.0 = Release|x64
		{9C17F72F-C550-49C9-AA10-DA7045CBC9B3}.Release|x64.Deploy.0 = Release|x64
		{9C17F72F-C550-49C9-AA10-DA7045CBC9B3}.Release|x86.ActiveCfg = Release|x86
		{9C17F72F-C550-49C9-AA10-DA7045CBC9B3}.Release|x86.Build.0 = Release|x86
		{9C17F72F-C550-49C9-AA10-DA7045CBC9B3}.Release|x86.Deploy.0 = Release|x86
		{D98AB2F7-B917-4DC9-B357-A4384E2DF040}.Debug|Any CPU.ActiveCfg = Debug|Any CPU
		{D98AB2F7-B917-4DC9-B357-A4384E2DF040}.Debug|Any CPU.Build.0 = Debug|Any CPU
		{D98AB2F7-B917-4DC9-B357-A4384E2DF040}.Debug|Any CPU.Deploy.0 = Debug|Any CPU
		{D98AB2F7-B917-4DC9-B357-A4384E2DF040}.Debug|ARM.ActiveCfg = Debug|Any CPU
		{D98AB2F7-B917-4DC9-B357-A4384E2DF040}.Debug|ARM.Build.0 = Debug|Any CPU
		{D98AB2F7-B917-4DC9-B357-A4384E2DF040}.Debug|ARM.Deploy.0 = Debug|Any CPU
		{D98AB2F7-B917-4DC9-B357-A4384E2DF040}.Debug|iPhone.ActiveCfg = Debug|Any CPU
		{D98AB2F7-B917-4DC9-B357-A4384E2DF040}.Debug|iPhone.Build.0 = Debug|Any CPU
		{D98AB2F7-B917-4DC9-B357-A4384E2DF040}.Debug|iPhone.Deploy.0 = Debug|Any CPU
		{D98AB2F7-B917-4DC9-B357-A4384E2DF040}.Debug|iPhoneSimulator.ActiveCfg = Debug|Any CPU
		{D98AB2F7-B917-4DC9-B357-A4384E2DF040}.Debug|iPhoneSimulator.Build.0 = Debug|Any CPU
		{D98AB2F7-B917-4DC9-B357-A4384E2DF040}.Debug|iPhoneSimulator.Deploy.0 = Debug|Any CPU
		{D98AB2F7-B917-4DC9-B357-A4384E2DF040}.Debug|x64.ActiveCfg = Debug|Any CPU
		{D98AB2F7-B917-4DC9-B357-A4384E2DF040}.Debug|x64.Build.0 = Debug|Any CPU
		{D98AB2F7-B917-4DC9-B357-A4384E2DF040}.Debug|x64.Deploy.0 = Debug|Any CPU
		{D98AB2F7-B917-4DC9-B357-A4384E2DF040}.Debug|x86.ActiveCfg = Debug|Any CPU
		{D98AB2F7-B917-4DC9-B357-A4384E2DF040}.Debug|x86.Build.0 = Debug|Any CPU
		{D98AB2F7-B917-4DC9-B357-A4384E2DF040}.Debug|x86.Deploy.0 = Debug|Any CPU
		{D98AB2F7-B917-4DC9-B357-A4384E2DF040}.Release|Any CPU.ActiveCfg = Release|Any CPU
		{D98AB2F7-B917-4DC9-B357-A4384E2DF040}.Release|Any CPU.Build.0 = Release|Any CPU
		{D98AB2F7-B917-4DC9-B357-A4384E2DF040}.Release|Any CPU.Deploy.0 = Release|Any CPU
		{D98AB2F7-B917-4DC9-B357-A4384E2DF040}.Release|ARM.ActiveCfg = Release|Any CPU
		{D98AB2F7-B917-4DC9-B357-A4384E2DF040}.Release|ARM.Build.0 = Release|Any CPU
		{D98AB2F7-B917-4DC9-B357-A4384E2DF040}.Release|ARM.Deploy.0 = Release|Any CPU
		{D98AB2F7-B917-4DC9-B357-A4384E2DF040}.Release|iPhone.ActiveCfg = Release|Any CPU
		{D98AB2F7-B917-4DC9-B357-A4384E2DF040}.Release|iPhone.Build.0 = Release|Any CPU
		{D98AB2F7-B917-4DC9-B357-A4384E2DF040}.Release|iPhone.Deploy.0 = Release|Any CPU
		{D98AB2F7-B917-4DC9-B357-A4384E2DF040}.Release|iPhoneSimulator.ActiveCfg = Release|Any CPU
		{D98AB2F7-B917-4DC9-B357-A4384E2DF040}.Release|iPhoneSimulator.Build.0 = Release|Any CPU
		{D98AB2F7-B917-4DC9-B357-A4384E2DF040}.Release|iPhoneSimulator.Deploy.0 = Release|Any CPU
		{D98AB2F7-B917-4DC9-B357-A4384E2DF040}.Release|x64.ActiveCfg = Release|Any CPU
		{D98AB2F7-B917-4DC9-B357-A4384E2DF040}.Release|x64.Build.0 = Release|Any CPU
		{D98AB2F7-B917-4DC9-B357-A4384E2DF040}.Release|x64.Deploy.0 = Release|Any CPU
		{D98AB2F7-B917-4DC9-B357-A4384E2DF040}.Release|x86.ActiveCfg = Release|Any CPU
		{D98AB2F7-B917-4DC9-B357-A4384E2DF040}.Release|x86.Build.0 = Release|Any CPU
		{D98AB2F7-B917-4DC9-B357-A4384E2DF040}.Release|x86.Deploy.0 = Release|Any CPU
		{048A5499-457D-4384-A8EC-D43F82740C0A}.Debug|Any CPU.ActiveCfg = Debug|iPhone
		{048A5499-457D-4384-A8EC-D43F82740C0A}.Debug|Any CPU.Build.0 = Debug|iPhone
		{048A5499-457D-4384-A8EC-D43F82740C0A}.Debug|Any CPU.Deploy.0 = Debug|iPhone
		{048A5499-457D-4384-A8EC-D43F82740C0A}.Debug|ARM.ActiveCfg = Debug|iPhoneSimulator
		{048A5499-457D-4384-A8EC-D43F82740C0A}.Debug|ARM.Build.0 = Debug|iPhoneSimulator
		{048A5499-457D-4384-A8EC-D43F82740C0A}.Debug|ARM.Deploy.0 = Debug|iPhoneSimulator
		{048A5499-457D-4384-A8EC-D43F82740C0A}.Debug|iPhone.ActiveCfg = Debug|iPhone
		{048A5499-457D-4384-A8EC-D43F82740C0A}.Debug|iPhone.Build.0 = Debug|iPhone
		{048A5499-457D-4384-A8EC-D43F82740C0A}.Debug|iPhone.Deploy.0 = Debug|iPhone
		{048A5499-457D-4384-A8EC-D43F82740C0A}.Debug|iPhoneSimulator.ActiveCfg = Debug|iPhoneSimulator
		{048A5499-457D-4384-A8EC-D43F82740C0A}.Debug|iPhoneSimulator.Build.0 = Debug|iPhoneSimulator
		{048A5499-457D-4384-A8EC-D43F82740C0A}.Debug|iPhoneSimulator.Deploy.0 = Debug|iPhoneSimulator
		{048A5499-457D-4384-A8EC-D43F82740C0A}.Debug|x64.ActiveCfg = Debug|iPhone
		{048A5499-457D-4384-A8EC-D43F82740C0A}.Debug|x64.Build.0 = Debug|iPhone
		{048A5499-457D-4384-A8EC-D43F82740C0A}.Debug|x64.Deploy.0 = Debug|iPhone
		{048A5499-457D-4384-A8EC-D43F82740C0A}.Debug|x86.ActiveCfg = Debug|iPhone
		{048A5499-457D-4384-A8EC-D43F82740C0A}.Debug|x86.Build.0 = Debug|iPhone
		{048A5499-457D-4384-A8EC-D43F82740C0A}.Debug|x86.Deploy.0 = Debug|iPhone
		{048A5499-457D-4384-A8EC-D43F82740C0A}.Release|Any CPU.ActiveCfg = Release|iPhone
		{048A5499-457D-4384-A8EC-D43F82740C0A}.Release|Any CPU.Build.0 = Release|iPhone
		{048A5499-457D-4384-A8EC-D43F82740C0A}.Release|Any CPU.Deploy.0 = Release|iPhone
		{048A5499-457D-4384-A8EC-D43F82740C0A}.Release|ARM.ActiveCfg = Release|iPhone
		{048A5499-457D-4384-A8EC-D43F82740C0A}.Release|ARM.Build.0 = Release|iPhone
		{048A5499-457D-4384-A8EC-D43F82740C0A}.Release|ARM.Deploy.0 = Release|iPhone
		{048A5499-457D-4384-A8EC-D43F82740C0A}.Release|iPhone.ActiveCfg = Release|iPhone
		{048A5499-457D-4384-A8EC-D43F82740C0A}.Release|iPhone.Build.0 = Release|iPhone
		{048A5499-457D-4384-A8EC-D43F82740C0A}.Release|iPhone.Deploy.0 = Release|iPhone
		{048A5499-457D-4384-A8EC-D43F82740C0A}.Release|iPhoneSimulator.ActiveCfg = Release|iPhoneSimulator
		{048A5499-457D-4384-A8EC-D43F82740C0A}.Release|iPhoneSimulator.Build.0 = Release|iPhoneSimulator
		{048A5499-457D-4384-A8EC-D43F82740C0A}.Release|iPhoneSimulator.Deploy.0 = Release|iPhoneSimulator
		{048A5499-457D-4384-A8EC-D43F82740C0A}.Release|x64.ActiveCfg = Release|iPhone
		{048A5499-457D-4384-A8EC-D43F82740C0A}.Release|x64.Build.0 = Release|iPhone
		{048A5499-457D-4384-A8EC-D43F82740C0A}.Release|x64.Deploy.0 = Release|iPhone
		{048A5499-457D-4384-A8EC-D43F82740C0A}.Release|x86.ActiveCfg = Release|iPhone
		{048A5499-457D-4384-A8EC-D43F82740C0A}.Release|x86.Build.0 = Release|iPhone
		{048A5499-457D-4384-A8EC-D43F82740C0A}.Release|x86.Deploy.0 = Release|iPhone
		{2FE54DF6-8FD8-4BA4-91E5-5DDFFCCB56E7}.Debug|Any CPU.ActiveCfg = Debug|Any CPU
		{2FE54DF6-8FD8-4BA4-91E5-5DDFFCCB56E7}.Debug|Any CPU.Build.0 = Debug|Any CPU
		{2FE54DF6-8FD8-4BA4-91E5-5DDFFCCB56E7}.Debug|Any CPU.Deploy.0 = Debug|Any CPU
		{2FE54DF6-8FD8-4BA4-91E5-5DDFFCCB56E7}.Debug|ARM.ActiveCfg = Debug|Any CPU
		{2FE54DF6-8FD8-4BA4-91E5-5DDFFCCB56E7}.Debug|ARM.Build.0 = Debug|Any CPU
		{2FE54DF6-8FD8-4BA4-91E5-5DDFFCCB56E7}.Debug|ARM.Deploy.0 = Debug|Any CPU
		{2FE54DF6-8FD8-4BA4-91E5-5DDFFCCB56E7}.Debug|iPhone.ActiveCfg = Debug|Any CPU
		{2FE54DF6-8FD8-4BA4-91E5-5DDFFCCB56E7}.Debug|iPhone.Build.0 = Debug|Any CPU
		{2FE54DF6-8FD8-4BA4-91E5-5DDFFCCB56E7}.Debug|iPhone.Deploy.0 = Debug|Any CPU
		{2FE54DF6-8FD8-4BA4-91E5-5DDFFCCB56E7}.Debug|iPhoneSimulator.ActiveCfg = Debug|Any CPU
		{2FE54DF6-8FD8-4BA4-91E5-5DDFFCCB56E7}.Debug|iPhoneSimulator.Build.0 = Debug|Any CPU
		{2FE54DF6-8FD8-4BA4-91E5-5DDFFCCB56E7}.Debug|iPhoneSimulator.Deploy.0 = Debug|Any CPU
		{2FE54DF6-8FD8-4BA4-91E5-5DDFFCCB56E7}.Debug|x64.ActiveCfg = Debug|Any CPU
		{2FE54DF6-8FD8-4BA4-91E5-5DDFFCCB56E7}.Debug|x64.Build.0 = Debug|Any CPU
		{2FE54DF6-8FD8-4BA4-91E5-5DDFFCCB56E7}.Debug|x64.Deploy.0 = Debug|Any CPU
		{2FE54DF6-8FD8-4BA4-91E5-5DDFFCCB56E7}.Debug|x86.ActiveCfg = Debug|Any CPU
		{2FE54DF6-8FD8-4BA4-91E5-5DDFFCCB56E7}.Debug|x86.Build.0 = Debug|Any CPU
		{2FE54DF6-8FD8-4BA4-91E5-5DDFFCCB56E7}.Debug|x86.Deploy.0 = Debug|Any CPU
		{2FE54DF6-8FD8-4BA4-91E5-5DDFFCCB56E7}.Release|Any CPU.ActiveCfg = Release|Any CPU
		{2FE54DF6-8FD8-4BA4-91E5-5DDFFCCB56E7}.Release|Any CPU.Build.0 = Release|Any CPU
		{2FE54DF6-8FD8-4BA4-91E5-5DDFFCCB56E7}.Release|Any CPU.Deploy.0 = Release|Any CPU
		{2FE54DF6-8FD8-4BA4-91E5-5DDFFCCB56E7}.Release|ARM.ActiveCfg = Release|Any CPU
		{2FE54DF6-8FD8-4BA4-91E5-5DDFFCCB56E7}.Release|ARM.Build.0 = Release|Any CPU
		{2FE54DF6-8FD8-4BA4-91E5-5DDFFCCB56E7}.Release|ARM.Deploy.0 = Release|Any CPU
		{2FE54DF6-8FD8-4BA4-91E5-5DDFFCCB56E7}.Release|iPhone.ActiveCfg = Release|Any CPU
		{2FE54DF6-8FD8-4BA4-91E5-5DDFFCCB56E7}.Release|iPhone.Build.0 = Release|Any CPU
		{2FE54DF6-8FD8-4BA4-91E5-5DDFFCCB56E7}.Release|iPhone.Deploy.0 = Release|Any CPU
		{2FE54DF6-8FD8-4BA4-91E5-5DDFFCCB56E7}.Release|iPhoneSimulator.ActiveCfg = Release|Any CPU
		{2FE54DF6-8FD8-4BA4-91E5-5DDFFCCB56E7}.Release|iPhoneSimulator.Build.0 = Release|Any CPU
		{2FE54DF6-8FD8-4BA4-91E5-5DDFFCCB56E7}.Release|iPhoneSimulator.Deploy.0 = Release|Any CPU
		{2FE54DF6-8FD8-4BA4-91E5-5DDFFCCB56E7}.Release|x64.ActiveCfg = Release|Any CPU
		{2FE54DF6-8FD8-4BA4-91E5-5DDFFCCB56E7}.Release|x64.Build.0 = Release|Any CPU
		{2FE54DF6-8FD8-4BA4-91E5-5DDFFCCB56E7}.Release|x64.Deploy.0 = Release|Any CPU
		{2FE54DF6-8FD8-4BA4-91E5-5DDFFCCB56E7}.Release|x86.ActiveCfg = Release|Any CPU
		{2FE54DF6-8FD8-4BA4-91E5-5DDFFCCB56E7}.Release|x86.Build.0 = Release|Any CPU
		{2FE54DF6-8FD8-4BA4-91E5-5DDFFCCB56E7}.Release|x86.Deploy.0 = Release|Any CPU
	EndGlobalSection
	GlobalSection(SolutionProperties) = preSolution
		HideSolutionNode = FALSE
	EndGlobalSection
	GlobalSection(ExtensibilityGlobals) = postSolution
		SolutionGuid = {A760E673-6E8B-468D-86D0-0DCCD40750D7}
	EndGlobalSection
EndGlobal
